
Microsoft Visual Studio Solution File, Format Version 11.00
# Visual Studio 2010
Project("{FAE04EC0-301F-11D3-BF4B-00C04F79EFBC}") = "RenRen", "XiaoNei\RenRen.csproj", "{76D9B044-08B4-4E01-99E5-6C5DFF4BE097}"
EndProject
Global
	GlobalSection(TeamFoundationVersionControl) = preSolution
		SccNumberOfProjects = 2
		SccEnterpriseProvider = {4CA58AB2-18FA-4F8D-95D4-32DDF27D184C}
		SccTeamFoundationServer = https://tfs01.codeplex.com/
		SccLocalPath0 = .
		SccProjectUniqueName1 = XiaoNei\\RenRen.csproj
		SccProjectName1 = XiaoNei
		SccLocalPath1 = XiaoNei
	EndGlobalSection
	GlobalSection(TestCaseManagementSettings) = postSolution
		CategoryFile = XiaoNei.vsmdi
	EndGlobalSection
	GlobalSection(SolutionConfigurationPlatforms) = preSolution
		Debug|.NET = Debug|.NET
		Debug|Any CPU = Debug|Any CPU
		Debug|Mixed Platforms = Debug|Mixed Platforms
		Release|.NET = Release|.NET
		Release|Any CPU = Release|Any CPU
		Release|Mixed Platforms = Release|Mixed Platforms
	EndGlobalSection
	GlobalSection(ProjectConfigurationPlatforms) = postSolution
		{76D9B044-08B4-4E01-99E5-6C5DFF4BE097}.Debug|.NET.ActiveCfg = Debug|Any CPU
		{76D9B044-08B4-4E01-99E5-6C5DFF4BE097}.Debug|Any CPU.ActiveCfg = Debug|Any CPU
		{76D9B044-08B4-4E01-99E5-6C5DFF4BE097}.Debug|Any CPU.Build.0 = Debug|Any CPU
		{76D9B044-08B4-4E01-99E5-6C5DFF4BE097}.Debug|Mixed Platforms.ActiveCfg = Debug|Any CPU
		{76D9B044-08B4-4E01-99E5-6C5DFF4BE097}.Debug|Mixed Platforms.Build.0 = Debug|Any CPU
		{76D9B044-08B4-4E01-99E5-6C5DFF4BE097}.Release|.NET.ActiveCfg = Release|Any CPU
		{76D9B044-08B4-4E01-99E5-6C5DFF4BE097}.Release|Any CPU.ActiveCfg = Release|Any CPU
		{76D9B044-08B4-4E01-99E5-6C5DFF4BE097}.Release|Any CPU.Build.0 = Release|Any CPU
		{76D9B044-08B4-4E01-99E5-6C5DFF4BE097}.Release|Mixed Platforms.ActiveCfg = Release|Any CPU
		{76D9B044-08B4-4E01-99E5-6C5DFF4BE097}.Release|Mixed Platforms.Build.0 = Release|Any CPU
	EndGlobalSection
	GlobalSection(SolutionProperties) = preSolution
		HideSolutionNode = FALSE
	EndGlobalSection
EndGlobal
