
Microsoft Visual Studio Solution File, Format Version 10.00
# Visual Studio 2008
Project("{FAE04EC0-301F-11D3-BF4B-00C04F79EFBC}") = "XiaoNei", "XiaoNei\XiaoNei.csproj", "{76D9B044-08B4-4E01-99E5-6C5DFF4BE097}"
EndProject
Project("{2150E333-8FDC-42A3-9474-1A3956D46DE8}") = "Solution Items", "Solution Items", "{7174D482-57B6-49A4-94DB-7C99F4608EDA}"
	ProjectSection(SolutionItems) = preProject
		LocalTestRun.testrunconfig = LocalTestRun.testrunconfig
		XiaoNei.vsmdi = XiaoNei.vsmdi
	EndProjectSection
EndProject
Project("{E24C65DC-7377-472B-9ABA-BC803B73C61A}") = "XiaoNeiTest", "XiaoNeiTest", "{F482310A-1428-421B-B9C4-06A1A9B546B0}"
	ProjectSection(WebsiteProperties) = preProject
		SccProjectName = "SAK"
		SccAuxPath = "SAK"
		SccLocalPath = "SAK"
		SccProvider = "SAK"
		TargetFramework = "3.5"
		ProjectReferences = "{76D9B044-08B4-4E01-99E5-6C5DFF4BE097}|XiaoNei.dll;"
		Debug.AspNetCompiler.VirtualPath = "/XiaoNeiTest"
		Debug.AspNetCompiler.PhysicalPath = "XiaoNeiTest\"
		Debug.AspNetCompiler.TargetPath = "PrecompiledWeb\XiaoNeiTest\"
		Debug.AspNetCompiler.Updateable = "true"
		Debug.AspNetCompiler.ForceOverwrite = "true"
		Debug.AspNetCompiler.FixedNames = "false"
		Debug.AspNetCompiler.Debug = "True"
		Release.AspNetCompiler.VirtualPath = "/XiaoNeiTest"
		Release.AspNetCompiler.PhysicalPath = "XiaoNeiTest\"
		Release.AspNetCompiler.TargetPath = "PrecompiledWeb\XiaoNeiTest\"
		Release.AspNetCompiler.Updateable = "true"
		Release.AspNetCompiler.ForceOverwrite = "true"
		Release.AspNetCompiler.FixedNames = "false"
		Release.AspNetCompiler.Debug = "False"
		VWDPort = "3619"
		VWDVirtualPath = "/"
	EndProjectSection
EndProject
Global
	GlobalSection(TeamFoundationVersionControl) = preSolution
		SccNumberOfProjects = 3
		SccEnterpriseProvider = {4CA58AB2-18FA-4F8D-95D4-32DDF27D184C}
		SccTeamFoundationServer = https://tfs01.codeplex.com/
		SccLocalPath0 = .
		SccProjectUniqueName1 = XiaoNei\\XiaoNei.csproj
		SccProjectName1 = XiaoNei
		SccLocalPath1 = XiaoNei
		SccWebProject2 = true
		SccProjectUniqueName2 = XiaoNeiTest
		SccProjectName2 = XiaoNeiTest
		SccLocalPath2 = XiaoNeiTest
		SccProjectEnlistmentChoice2 = 2
	EndGlobalSection
	GlobalSection(TestCaseManagementSettings) = postSolution
		CategoryFile = XiaoNei.vsmdi
	EndGlobalSection
	GlobalSection(SolutionConfigurationPlatforms) = preSolution
		Debug|.NET = Debug|.NET
		Debug|Any CPU = Debug|Any CPU
		Debug|Mixed Platforms = Debug|Mixed Platforms
		Release|.NET = Release|.NET
		Release|Any CPU = Release|Any CPU
		Release|Mixed Platforms = Release|Mixed Platforms
	EndGlobalSection
	GlobalSection(ProjectConfigurationPlatforms) = postSolution
		{76D9B044-08B4-4E01-99E5-6C5DFF4BE097}.Debug|.NET.ActiveCfg = Debug|Any CPU
		{76D9B044-08B4-4E01-99E5-6C5DFF4BE097}.Debug|Any CPU.ActiveCfg = Debug|Any CPU
		{76D9B044-08B4-4E01-99E5-6C5DFF4BE097}.Debug|Any CPU.Build.0 = Debug|Any CPU
		{76D9B044-08B4-4E01-99E5-6C5DFF4BE097}.Debug|Mixed Platforms.ActiveCfg = Debug|Any CPU
		{76D9B044-08B4-4E01-99E5-6C5DFF4BE097}.Debug|Mixed Platforms.Build.0 = Debug|Any CPU
		{76D9B044-08B4-4E01-99E5-6C5DFF4BE097}.Release|.NET.ActiveCfg = Release|Any CPU
		{76D9B044-08B4-4E01-99E5-6C5DFF4BE097}.Release|Any CPU.ActiveCfg = Release|Any CPU
		{76D9B044-08B4-4E01-99E5-6C5DFF4BE097}.Release|Any CPU.Build.0 = Release|Any CPU
		{76D9B044-08B4-4E01-99E5-6C5DFF4BE097}.Release|Mixed Platforms.ActiveCfg = Release|Any CPU
		{76D9B044-08B4-4E01-99E5-6C5DFF4BE097}.Release|Mixed Platforms.Build.0 = Release|Any CPU
		{F482310A-1428-421B-B9C4-06A1A9B546B0}.Debug|.NET.ActiveCfg = Debug|Any CPU
		{F482310A-1428-421B-B9C4-06A1A9B546B0}.Debug|Any CPU.ActiveCfg = Debug|Any CPU
		{F482310A-1428-421B-B9C4-06A1A9B546B0}.Debug|Any CPU.Build.0 = Debug|Any CPU
		{F482310A-1428-421B-B9C4-06A1A9B546B0}.Debug|Mixed Platforms.ActiveCfg = Debug|Any CPU
		{F482310A-1428-421B-B9C4-06A1A9B546B0}.Debug|Mixed Platforms.Build.0 = Debug|Any CPU
		{F482310A-1428-421B-B9C4-06A1A9B546B0}.Release|.NET.ActiveCfg = Debug|Any CPU
		{F482310A-1428-421B-B9C4-06A1A9B546B0}.Release|Any CPU.ActiveCfg = Debug|Any CPU
		{F482310A-1428-421B-B9C4-06A1A9B546B0}.Release|Any CPU.Build.0 = Debug|Any CPU
		{F482310A-1428-421B-B9C4-06A1A9B546B0}.Release|Mixed Platforms.ActiveCfg = Debug|Any CPU
		{F482310A-1428-421B-B9C4-06A1A9B546B0}.Release|Mixed Platforms.Build.0 = Debug|Any CPU
	EndGlobalSection
	GlobalSection(SolutionProperties) = preSolution
		HideSolutionNode = FALSE
	EndGlobalSection
EndGlobal
